
Microsoft Visual Studio Solution File, Format Version 12.00
# Visual Studio Version 17
VisualStudioVersion = 17.8.34330.188
MinimumVisualStudioVersion = 10.0.40219.1
Project("{FAE04EC0-301F-11D3-BF4B-00C04F79EFBC}") = "ReferenceAttributes", "ReferenceAttributes.csproj", "{E8F6C60A-3437-4ABC-AF98-96FA7EF78B64}"
EndProject
Global
	GlobalSection(SolutionConfigurationPlatforms) = preSolution
		Debug|Any CPU = Debug|Any CPU
		Release|Any CPU = Release|Any CPU
	EndGlobalSection
	GlobalSection(ProjectConfigurationPlatforms) = postSolution
		{E8F6C60A-3437-4ABC-AF98-96FA7EF78B64}.Debug|Any CPU.ActiveCfg = Debug|Any CPU
		{E8F6C60A-3437-4ABC-AF98-96FA7EF78B64}.Debug|Any CPU.Build.0 = Debug|Any CPU
		{E8F6C60A-3437-4ABC-AF98-96FA7EF78B64}.Release|Any CPU.ActiveCfg = Release|Any CPU
		{E8F6C60A-3437-4ABC-AF98-96FA7EF78B64}.Release|Any CPU.Build.0 = Release|Any CPU
	EndGlobalSection
	GlobalSection(SolutionProperties) = preSolution
		HideSolutionNode = FALSE
	EndGlobalSection
	GlobalSection(ExtensibilityGlobals) = postSolution
		SolutionGuid = {AD956A62-BF6B-486E-8D48-41AE0612DE8D}
	EndGlobalSection
EndGlobal
